<?xml version="1.0" encoding="utf-8"?>
<Project ToolsVersion="4.0" xmlns="http://schemas.microsoft.com/developer/msbuild/2003">
  <ItemGroup>
    <Filter Include="Исходные файлы">
      <UniqueIdentifier>{4FC737F1-C7A5-4376-A066-2A32D752A2FF}</UniqueIdentifier>
      <Extensions>cpp;c;cc;cxx;c++;def;odl;idl;hpj;bat;asm;asmx</Extensions>
    </Filter>
    <Filter Include="Файлы заголовков">
      <UniqueIdentifier>{93995380-89BD-4b04-88EB-625FBE52EBFB}</UniqueIdentifier>
      <Extensions>h;hh;hpp;hxx;h++;hm;inl;inc;ipp;xsd</Extensions>
    </Filter>
    <Filter Include="Файлы ресурсов">
      <UniqueIdentifier>{67DA6AB6-F800-4c08-8B7A-83BB121AAD01}</UniqueIdentifier>
      <Extensions>rc;ico;cur;bmp;dlg;rc2;rct;bin;rgs;gif;jpg;jpeg;jpe;resx;tiff;tif;png;wav;mfcribbon-ms</Extensions>
    </Filter>
    <Filter Include="Исходные файлы\mvc">
      <UniqueIdentifier>{73879357-2f6d-4297-8002-b28860546100}</UniqueIdentifier>
    </Filter>
    <Filter Include="Файлы заголовков\mvc">
      <UniqueIdentifier>{a02a3034-2b91-49c7-9e85-5be32acbc685}</UniqueIdentifier>
    </Filter>
  </ItemGroup>
  <ItemGroup>
    <ClInclude Include="framework.h">
      <Filter>Файлы заголовков</Filter>
    </ClInclude>
    <ClInclude Include="targetver.h">
      <Filter>Файлы заголовков</Filter>
    </ClInclude>
    <ClInclude Include="Resource.h">
      <Filter>Файлы заголовков</Filter>
    </ClInclude>
    <ClInclude Include="Another_MVC.h">
      <Filter>Файлы заголовков</Filter>
    </ClInclude>
    <ClInclude Include="ISubscriber.h">
      <Filter>Файлы заголовков\mvc</Filter>
    </ClInclude>
    <ClInclude Include="IPublisher.h">
      <Filter>Файлы заголовков\mvc</Filter>
    </ClInclude>
    <ClInclude Include="Controller.h">
      <Filter>Файлы заголовков\mvc</Filter>
    </ClInclude>
    <ClInclude Include="Model.h">
      <Filter>Файлы заголовков\mvc</Filter>
    </ClInclude>
    <ClInclude Include="View.h">
      <Filter>Файлы заголовков\mvc</Filter>
    </ClInclude>
    <ClInclude Include="IController.h">
      <Filter>Файлы заголовков\mvc</Filter>
    </ClInclude>
    <ClInclude Include="WindowClass.h">
      <Filter>Файлы заголовков\mvc</Filter>
    </ClInclude>
  </ItemGroup>
  <ItemGroup>
    <ClCompile Include="Another_MVC.cpp">
      <Filter>Исходные файлы</Filter>
    </ClCompile>
    <ClCompile Include="Model.cpp">
      <Filter>Исходные файлы\mvc</Filter>
    </ClCompile>
    <ClCompile Include="Controller.cpp">
      <Filter>Исходные файлы\mvc</Filter>
    </ClCompile>
    <ClCompile Include="View.cpp">
      <Filter>Исходные файлы\mvc</Filter>
    </ClCompile>
    <ClCompile Include="IController.cpp">
      <Filter>Исходные файлы</Filter>
    </ClCompile>
    <ClCompile Include="WindowClass.cpp">
      <Filter>Исходные файлы\mvc</Filter>
    </ClCompile>
  </ItemGroup>
  <ItemGroup>
    <ResourceCompile Include="Another_MVC.rc">
      <Filter>Файлы ресурсов</Filter>
    </ResourceCompile>
  </ItemGroup>
  <ItemGroup>
    <Image Include="small.ico">
      <Filter>Файлы ресурсов</Filter>
    </Image>
    <Image Include="Another_MVC.ico">
      <Filter>Файлы ресурсов</Filter>
    </Image>
  </ItemGroup>
</Project>